{
  "originHash" : "e12ffe6fb07554c4a31b317b73a82ef997f68047a0f5a756e5391a6752ed5d57",
  "pins" : [
    {
      "identity" : "simplekeychain",
      "kind" : "remoteSourceControl",
      "location" : "https://github.com/auth0/SimpleKeychain",
      "state" : {
        "revision" : "b694f155907b189bc82e93586695a26f558c742f",
        "version" : "1.2.0"
      }
    },
    {
      "identity" : "time",
      "kind" : "remoteSourceControl",
      "location" : "https://github.com/davedelong/time",
      "state" : {
        "revision" : "b652fe17d13dca2ed5f3aa0209b309de4a10821d",
        "version" : "1.0.2"
      }
    }
  ],
  "version" : 3
}
