// !$*UTF8*$!
{
	archiveVersion = 1;
	classes = {
	};
	objectVersion = 56;
	objects = {

/* Begin PBXBuildFile section */
		2710B2D82D1DCF4E00E7676B /* InterfaceManager.swift in Sources */ = {isa = PBXBuildFile; fileRef = 2710B2D72D1DCF4E00E7676B /* InterfaceManager.swift */; };
		271319942D1683B0000D75A3 /* Category.swift in Sources */ = {isa = PBXBuildFile; fileRef = 271319932D1683B0000D75A3 /* Category.swift */; };
		27158EB62CFC1AF90093421F /* CardViewModel.swift in Sources */ = {isa = PBXBuildFile; fileRef = 27158EB52CFC1AF90093421F /* CardViewModel.swift */; };
		2715AA0F2D25C90F00273F2D /* MonthRangeBuilder.swift in Sources */ = {isa = PBXBuildFile; fileRef = 2715AA0E2D25C90F00273F2D /* MonthRangeBuilder.swift */; };
		2715AA122D25CB3F00273F2D /* Time in Frameworks */ = {isa = PBXBuildFile; productRef = 2715AA112D25CB3F00273F2D /* Time */; };
		2715AA142D25CBDC00273F2D /* MonthRangeBuilderTests.swift in Sources */ = {isa = PBXBuildFile; fileRef = 2715AA132D25CBDC00273F2D /* MonthRangeBuilderTests.swift */; };
		272F16032D0276240040A272 /* SwipedAllCardsView.swift in Sources */ = {isa = PBXBuildFile; fileRef = 272F16022D0276240040A272 /* SwipedAllCardsView.swift */; };
		272F16052D0277630040A272 /* SwipeableCardsModel.swift in Sources */ = {isa = PBXBuildFile; fileRef = 272F16042D0277630040A272 /* SwipeableCardsModel.swift */; };
		272F16072D0279060040A272 /* ReceiptView.swift in Sources */ = {isa = PBXBuildFile; fileRef = 272F16062D0279060040A272 /* ReceiptView.swift */; };
		276498082D01128E005A7916 /* SwipeableCardsView.swift in Sources */ = {isa = PBXBuildFile; fileRef = 276498072D01128E005A7916 /* SwipeableCardsView.swift */; };
		27656D512D0243F100877E8B /* example-transactions.json in Resources */ = {isa = PBXBuildFile; fileRef = 27656D502D0243F100877E8B /* example-transactions.json */; };
		27656D522D0243F100877E8B /* example-transactions.json in Resources */ = {isa = PBXBuildFile; fileRef = 27656D502D0243F100877E8B /* example-transactions.json */; };
		276BF6A62D15F9720063935D /* LMNetworkInterface.swift in Sources */ = {isa = PBXBuildFile; fileRef = 276BF6A52D15F9720063935D /* LMNetworkInterface.swift */; };
		27A13ABE2CFA6AD200430ABF /* URLSessionBuilder.swift in Sources */ = {isa = PBXBuildFile; fileRef = 27A13ABD2CFA6AD200430ABF /* URLSessionBuilder.swift */; };
		27A709ED2D404FB00029A3EB /* SecretsStash.swift in Sources */ = {isa = PBXBuildFile; fileRef = 27A709EC2D404FB00029A3EB /* SecretsStash.swift */; };
		27A709F02D404FC80029A3EB /* SimpleKeychain in Frameworks */ = {isa = PBXBuildFile; productRef = 27A709EF2D404FC80029A3EB /* SimpleKeychain */; };
		27A709F22D418CC30029A3EB /* DebounceSecureField.swift in Sources */ = {isa = PBXBuildFile; fileRef = 27A709F12D418CC30029A3EB /* DebounceSecureField.swift */; };
		27B5CE402D079EE1002B961B /* Data+jsonFlatString.swift in Sources */ = {isa = PBXBuildFile; fileRef = 27B5CE3F2D079EE1002B961B /* Data+jsonFlatString.swift */; };
		27B5F4F32D1B182C00ACC463 /* CategoriesSelectorViewModel.swift in Sources */ = {isa = PBXBuildFile; fileRef = 27B5F4F22D1B182C00ACC463 /* CategoriesSelectorViewModel.swift */; };
		27C3AA602D24A55E00DDFB08 /* StatesView.swift in Sources */ = {isa = PBXBuildFile; fileRef = 27C3AA5F2D24A55E00DDFB08 /* StatesView.swift */; };
		27C924F22D173E170081849D /* CategoriesSelectorView.swift in Sources */ = {isa = PBXBuildFile; fileRef = 27C924F12D173E170081849D /* CategoriesSelectorView.swift */; };
		27C9610C2D3F042400B41F27 /* OSLog+Logger.swift in Sources */ = {isa = PBXBuildFile; fileRef = 27C9610B2D3F042400B41F27 /* OSLog+Logger.swift */; };
		27C9610E2D3F2E9800B41F27 /* DebugView.swift in Sources */ = {isa = PBXBuildFile; fileRef = 27C9610D2D3F2E9800B41F27 /* DebugView.swift */; };
		27C961102D3F2EF000B41F27 /* SettingsView.swift in Sources */ = {isa = PBXBuildFile; fileRef = 27C9610F2D3F2EF000B41F27 /* SettingsView.swift */; };
		27D259CA2CFABADE004A4CAD /* Transaction.swift in Sources */ = {isa = PBXBuildFile; fileRef = 27D259C92CFABADE004A4CAD /* Transaction.swift */; };
		27D638162CFBBD7C00B43DE1 /* LunchMoneyInterface.swift in Sources */ = {isa = PBXBuildFile; fileRef = 27D638152CFBBD7C00B43DE1 /* LunchMoneyInterface.swift */; };
		27D638182CFBBE0A00B43DE1 /* Collection+notEmpty.swift in Sources */ = {isa = PBXBuildFile; fileRef = 27D638172CFBBE0A00B43DE1 /* Collection+notEmpty.swift */; };
		27D6381A2CFBD22C00B43DE1 /* CardView.swift in Sources */ = {isa = PBXBuildFile; fileRef = 27D638192CFBD22C00B43DE1 /* CardView.swift */; };
		27E554632D03B9A400186D6F /* NoTransactionsView.swift in Sources */ = {isa = PBXBuildFile; fileRef = 27E554622D03B9A400186D6F /* NoTransactionsView.swift */; };
		27E554652D03EDF500186D6F /* NetworkTests.swift in Sources */ = {isa = PBXBuildFile; fileRef = 27E554642D03EDF500186D6F /* NetworkTests.swift */; };
		27E574D82D44413E0039A64A /* CategorySwiperTestPlan.xctestplan in Resources */ = {isa = PBXBuildFile; fileRef = 27E574D72D44413E0039A64A /* CategorySwiperTestPlan.xctestplan */; };
		27E574FC2D445B030039A64A /* NetworkTestsSecret.swift in Sources */ = {isa = PBXBuildFile; fileRef = 27E574FB2D445B030039A64A /* NetworkTestsSecret.swift */; };
		27F3EC972CDAC26400851CCB /* CategorySwiperApp.swift in Sources */ = {isa = PBXBuildFile; fileRef = 27F3EC962CDAC26400851CCB /* CategorySwiperApp.swift */; };
		27F3EC9B2CDAC26500851CCB /* Assets.xcassets in Resources */ = {isa = PBXBuildFile; fileRef = 27F3EC9A2CDAC26500851CCB /* Assets.xcassets */; };
		27F3EC9E2CDAC26500851CCB /* Preview Assets.xcassets in Resources */ = {isa = PBXBuildFile; fileRef = 27F3EC9D2CDAC26500851CCB /* Preview Assets.xcassets */; };
		27F3ECA82CDAC26500851CCB /* LocalTests.swift in Sources */ = {isa = PBXBuildFile; fileRef = 27F3ECA72CDAC26500851CCB /* LocalTests.swift */; };
		27F3ECB22CDAC26500851CCB /* CategorySwiperUITests.swift in Sources */ = {isa = PBXBuildFile; fileRef = 27F3ECB12CDAC26500851CCB /* CategorySwiperUITests.swift */; };
		27F3ECB42CDAC26500851CCB /* CategorySwiperUITestsLaunchTests.swift in Sources */ = {isa = PBXBuildFile; fileRef = 27F3ECB32CDAC26500851CCB /* CategorySwiperUITestsLaunchTests.swift */; };
		27F567DF2D2C694300990723 /* UpdateProgressView.swift in Sources */ = {isa = PBXBuildFile; fileRef = 27F567DE2D2C694300990723 /* UpdateProgressView.swift */; };
		27F88AAC2D11FD89000D8DFF /* example-categories.json in Resources */ = {isa = PBXBuildFile; fileRef = 27F88AAB2D11FD89000D8DFF /* example-categories.json */; };
/* End PBXBuildFile section */

/* Begin PBXContainerItemProxy section */
		27F3ECA42CDAC26500851CCB /* PBXContainerItemProxy */ = {
			isa = PBXContainerItemProxy;
			containerPortal = 27F3EC8B2CDAC26400851CCB /* Project object */;
			proxyType = 1;
			remoteGlobalIDString = 27F3EC922CDAC26400851CCB;
			remoteInfo = CategorySwiper;
		};
		27F3ECAE2CDAC26500851CCB /* PBXContainerItemProxy */ = {
			isa = PBXContainerItemProxy;
			containerPortal = 27F3EC8B2CDAC26400851CCB /* Project object */;
			proxyType = 1;
			remoteGlobalIDString = 27F3EC922CDAC26400851CCB;
			remoteInfo = CategorySwiper;
		};
/* End PBXContainerItemProxy section */

/* Begin PBXFileReference section */
		2710B2D72D1DCF4E00E7676B /* InterfaceManager.swift */ = {isa = PBXFileReference; lastKnownFileType = sourcecode.swift; path = InterfaceManager.swift; sourceTree = "<group>"; };
		271319932D1683B0000D75A3 /* Category.swift */ = {isa = PBXFileReference; lastKnownFileType = sourcecode.swift; path = Category.swift; sourceTree = "<group>"; };
		27158EB52CFC1AF90093421F /* CardViewModel.swift */ = {isa = PBXFileReference; lastKnownFileType = sourcecode.swift; path = CardViewModel.swift; sourceTree = "<group>"; };
		2715AA0E2D25C90F00273F2D /* MonthRangeBuilder.swift */ = {isa = PBXFileReference; lastKnownFileType = sourcecode.swift; path = MonthRangeBuilder.swift; sourceTree = "<group>"; };
		2715AA132D25CBDC00273F2D /* MonthRangeBuilderTests.swift */ = {isa = PBXFileReference; lastKnownFileType = sourcecode.swift; path = MonthRangeBuilderTests.swift; sourceTree = "<group>"; };
		272F16022D0276240040A272 /* SwipedAllCardsView.swift */ = {isa = PBXFileReference; lastKnownFileType = sourcecode.swift; path = SwipedAllCardsView.swift; sourceTree = "<group>"; };
		272F16042D0277630040A272 /* SwipeableCardsModel.swift */ = {isa = PBXFileReference; lastKnownFileType = sourcecode.swift; path = SwipeableCardsModel.swift; sourceTree = "<group>"; };
		272F16062D0279060040A272 /* ReceiptView.swift */ = {isa = PBXFileReference; lastKnownFileType = sourcecode.swift; path = ReceiptView.swift; sourceTree = "<group>"; };
		276498072D01128E005A7916 /* SwipeableCardsView.swift */ = {isa = PBXFileReference; lastKnownFileType = sourcecode.swift; path = SwipeableCardsView.swift; sourceTree = "<group>"; };
		27656D502D0243F100877E8B /* example-transactions.json */ = {isa = PBXFileReference; lastKnownFileType = text.json; path = "example-transactions.json"; sourceTree = "<group>"; };
		276BF6A52D15F9720063935D /* LMNetworkInterface.swift */ = {isa = PBXFileReference; lastKnownFileType = sourcecode.swift; path = LMNetworkInterface.swift; sourceTree = "<group>"; };
		27A13ABC2CFA374800430ABF /* Discovery-tree.md */ = {isa = PBXFileReference; lastKnownFileType = net.daringfireball.markdown; path = "Discovery-tree.md"; sourceTree = "<group>"; };
		27A13ABD2CFA6AD200430ABF /* URLSessionBuilder.swift */ = {isa = PBXFileReference; lastKnownFileType = sourcecode.swift; path = URLSessionBuilder.swift; sourceTree = "<group>"; };
		27A709EC2D404FB00029A3EB /* SecretsStash.swift */ = {isa = PBXFileReference; lastKnownFileType = sourcecode.swift; path = SecretsStash.swift; sourceTree = "<group>"; };
		27A709F12D418CC30029A3EB /* DebounceSecureField.swift */ = {isa = PBXFileReference; lastKnownFileType = sourcecode.swift; path = DebounceSecureField.swift; sourceTree = "<group>"; };
		27B5CE3F2D079EE1002B961B /* Data+jsonFlatString.swift */ = {isa = PBXFileReference; lastKnownFileType = sourcecode.swift; path = "Data+jsonFlatString.swift"; sourceTree = "<group>"; };
		27B5F4F22D1B182C00ACC463 /* CategoriesSelectorViewModel.swift */ = {isa = PBXFileReference; lastKnownFileType = sourcecode.swift; path = CategoriesSelectorViewModel.swift; sourceTree = "<group>"; };
		27C3AA5F2D24A55E00DDFB08 /* StatesView.swift */ = {isa = PBXFileReference; lastKnownFileType = sourcecode.swift; path = StatesView.swift; sourceTree = "<group>"; };
		27C924F12D173E170081849D /* CategoriesSelectorView.swift */ = {isa = PBXFileReference; lastKnownFileType = sourcecode.swift; path = CategoriesSelectorView.swift; sourceTree = "<group>"; };
		27C9610B2D3F042400B41F27 /* OSLog+Logger.swift */ = {isa = PBXFileReference; lastKnownFileType = sourcecode.swift; path = "OSLog+Logger.swift"; sourceTree = "<group>"; };
		27C9610D2D3F2E9800B41F27 /* DebugView.swift */ = {isa = PBXFileReference; lastKnownFileType = sourcecode.swift; path = DebugView.swift; sourceTree = "<group>"; };
		27C9610F2D3F2EF000B41F27 /* SettingsView.swift */ = {isa = PBXFileReference; lastKnownFileType = sourcecode.swift; path = SettingsView.swift; sourceTree = "<group>"; };
		27D259C92CFABADE004A4CAD /* Transaction.swift */ = {isa = PBXFileReference; lastKnownFileType = sourcecode.swift; path = Transaction.swift; sourceTree = "<group>"; };
		27D638152CFBBD7C00B43DE1 /* LunchMoneyInterface.swift */ = {isa = PBXFileReference; lastKnownFileType = sourcecode.swift; path = LunchMoneyInterface.swift; sourceTree = "<group>"; };
		27D638172CFBBE0A00B43DE1 /* Collection+notEmpty.swift */ = {isa = PBXFileReference; lastKnownFileType = sourcecode.swift; path = "Collection+notEmpty.swift"; sourceTree = "<group>"; };
		27D638192CFBD22C00B43DE1 /* CardView.swift */ = {isa = PBXFileReference; lastKnownFileType = sourcecode.swift; path = CardView.swift; sourceTree = "<group>"; };
		27E554622D03B9A400186D6F /* NoTransactionsView.swift */ = {isa = PBXFileReference; lastKnownFileType = sourcecode.swift; path = NoTransactionsView.swift; sourceTree = "<group>"; };
		27E554642D03EDF500186D6F /* NetworkTests.swift */ = {isa = PBXFileReference; lastKnownFileType = sourcecode.swift; path = NetworkTests.swift; sourceTree = "<group>"; };
		27E574D72D44413E0039A64A /* CategorySwiperTestPlan.xctestplan */ = {isa = PBXFileReference; lastKnownFileType = text; path = CategorySwiperTestPlan.xctestplan; sourceTree = "<group>"; };
		27E574FB2D445B030039A64A /* NetworkTestsSecret.swift */ = {isa = PBXFileReference; lastKnownFileType = sourcecode.swift; path = NetworkTestsSecret.swift; sourceTree = "<group>"; };
		27F3EC932CDAC26400851CCB /* CategorySwiper.app */ = {isa = PBXFileReference; explicitFileType = wrapper.application; includeInIndex = 0; path = CategorySwiper.app; sourceTree = BUILT_PRODUCTS_DIR; };
		27F3EC962CDAC26400851CCB /* CategorySwiperApp.swift */ = {isa = PBXFileReference; lastKnownFileType = sourcecode.swift; path = CategorySwiperApp.swift; sourceTree = "<group>"; };
		27F3EC9A2CDAC26500851CCB /* Assets.xcassets */ = {isa = PBXFileReference; lastKnownFileType = folder.assetcatalog; path = Assets.xcassets; sourceTree = "<group>"; };
		27F3EC9D2CDAC26500851CCB /* Preview Assets.xcassets */ = {isa = PBXFileReference; lastKnownFileType = folder.assetcatalog; path = "Preview Assets.xcassets"; sourceTree = "<group>"; };
		27F3ECA32CDAC26500851CCB /* CategorySwiperTests.xctest */ = {isa = PBXFileReference; explicitFileType = wrapper.cfbundle; includeInIndex = 0; path = CategorySwiperTests.xctest; sourceTree = BUILT_PRODUCTS_DIR; };
		27F3ECA72CDAC26500851CCB /* LocalTests.swift */ = {isa = PBXFileReference; lastKnownFileType = sourcecode.swift; path = LocalTests.swift; sourceTree = "<group>"; };
		27F3ECAD2CDAC26500851CCB /* CategorySwiperUITests.xctest */ = {isa = PBXFileReference; explicitFileType = wrapper.cfbundle; includeInIndex = 0; path = CategorySwiperUITests.xctest; sourceTree = BUILT_PRODUCTS_DIR; };
		27F3ECB12CDAC26500851CCB /* CategorySwiperUITests.swift */ = {isa = PBXFileReference; lastKnownFileType = sourcecode.swift; path = CategorySwiperUITests.swift; sourceTree = "<group>"; };
		27F3ECB32CDAC26500851CCB /* CategorySwiperUITestsLaunchTests.swift */ = {isa = PBXFileReference; lastKnownFileType = sourcecode.swift; path = CategorySwiperUITestsLaunchTests.swift; sourceTree = "<group>"; };
		27F567DE2D2C694300990723 /* UpdateProgressView.swift */ = {isa = PBXFileReference; lastKnownFileType = sourcecode.swift; path = UpdateProgressView.swift; sourceTree = "<group>"; };
		27F88AAB2D11FD89000D8DFF /* example-categories.json */ = {isa = PBXFileReference; lastKnownFileType = text.json; path = "example-categories.json"; sourceTree = "<group>"; };
/* End PBXFileReference section */

/* Begin PBXFrameworksBuildPhase section */
		27F3EC902CDAC26400851CCB /* Frameworks */ = {
			isa = PBXFrameworksBuildPhase;
			buildActionMask = 2147483647;
			files = (
				27A709F02D404FC80029A3EB /* SimpleKeychain in Frameworks */,
				2715AA122D25CB3F00273F2D /* Time in Frameworks */,
			);
			runOnlyForDeploymentPostprocessing = 0;
		};
		27F3ECA02CDAC26500851CCB /* Frameworks */ = {
			isa = PBXFrameworksBuildPhase;
			buildActionMask = 2147483647;
			files = (
			);
			runOnlyForDeploymentPostprocessing = 0;
		};
		27F3ECAA2CDAC26500851CCB /* Frameworks */ = {
			isa = PBXFrameworksBuildPhase;
			buildActionMask = 2147483647;
			files = (
			);
			runOnlyForDeploymentPostprocessing = 0;
		};
/* End PBXFrameworksBuildPhase section */

/* Begin PBXGroup section */
		27F3EC8A2CDAC26400851CCB = {
			isa = PBXGroup;
			children = (
				27A13ABC2CFA374800430ABF /* Discovery-tree.md */,
				27F3EC952CDAC26400851CCB /* CategorySwiper */,
				27F3ECA62CDAC26500851CCB /* CategorySwiperTests */,
				27F3ECB02CDAC26500851CCB /* CategorySwiperUITests */,
				27F3EC942CDAC26400851CCB /* Products */,
			);
			sourceTree = "<group>";
		};
		27F3EC942CDAC26400851CCB /* Products */ = {
			isa = PBXGroup;
			children = (
				27F3EC932CDAC26400851CCB /* CategorySwiper.app */,
				27F3ECA32CDAC26500851CCB /* CategorySwiperTests.xctest */,
				27F3ECAD2CDAC26500851CCB /* CategorySwiperUITests.xctest */,
			);
			name = Products;
			sourceTree = "<group>";
		};
		27F3EC952CDAC26400851CCB /* CategorySwiper */ = {
			isa = PBXGroup;
			children = (
				27F88AAB2D11FD89000D8DFF /* example-categories.json */,
				27656D502D0243F100877E8B /* example-transactions.json */,
				27F3EC962CDAC26400851CCB /* CategorySwiperApp.swift */,
				27A709EC2D404FB00029A3EB /* SecretsStash.swift */,
				27C3AA5F2D24A55E00DDFB08 /* StatesView.swift */,
				27C9610F2D3F2EF000B41F27 /* SettingsView.swift */,
				27A709F12D418CC30029A3EB /* DebounceSecureField.swift */,
				27C9610D2D3F2E9800B41F27 /* DebugView.swift */,
				27C924F12D173E170081849D /* CategoriesSelectorView.swift */,
				27B5F4F22D1B182C00ACC463 /* CategoriesSelectorViewModel.swift */,
				27D638192CFBD22C00B43DE1 /* CardView.swift */,
				27F567DE2D2C694300990723 /* UpdateProgressView.swift */,
				27158EB52CFC1AF90093421F /* CardViewModel.swift */,
				272F16062D0279060040A272 /* ReceiptView.swift */,
				276498072D01128E005A7916 /* SwipeableCardsView.swift */,
				272F16042D0277630040A272 /* SwipeableCardsModel.swift */,
				2710B2D72D1DCF4E00E7676B /* InterfaceManager.swift */,
				27E554622D03B9A400186D6F /* NoTransactionsView.swift */,
				272F16022D0276240040A272 /* SwipedAllCardsView.swift */,
				27F3EC9A2CDAC26500851CCB /* Assets.xcassets */,
				27F3EC9C2CDAC26500851CCB /* Preview Content */,
				27A13ABD2CFA6AD200430ABF /* URLSessionBuilder.swift */,
				27D638172CFBBE0A00B43DE1 /* Collection+notEmpty.swift */,
				27B5CE3F2D079EE1002B961B /* Data+jsonFlatString.swift */,
				271319932D1683B0000D75A3 /* Category.swift */,
				27D259C92CFABADE004A4CAD /* Transaction.swift */,
				27D638152CFBBD7C00B43DE1 /* LunchMoneyInterface.swift */,
				276BF6A52D15F9720063935D /* LMNetworkInterface.swift */,
				2715AA0E2D25C90F00273F2D /* MonthRangeBuilder.swift */,
				27C9610B2D3F042400B41F27 /* OSLog+Logger.swift */,
			);
			path = CategorySwiper;
			sourceTree = "<group>";
		};
		27F3EC9C2CDAC26500851CCB /* Preview Content */ = {
			isa = PBXGroup;
			children = (
				27F3EC9D2CDAC26500851CCB /* Preview Assets.xcassets */,
			);
			path = "Preview Content";
			sourceTree = "<group>";
		};
		27F3ECA62CDAC26500851CCB /* CategorySwiperTests */ = {
			isa = PBXGroup;
			children = (
				27F3ECA72CDAC26500851CCB /* LocalTests.swift */,
				27E554642D03EDF500186D6F /* NetworkTests.swift */,
				27E574FB2D445B030039A64A /* NetworkTestsSecret.swift */,
				2715AA132D25CBDC00273F2D /* MonthRangeBuilderTests.swift */,
				27E574D72D44413E0039A64A /* CategorySwiperTestPlan.xctestplan */,
			);
			path = CategorySwiperTests;
			sourceTree = "<group>";
		};
		27F3ECB02CDAC26500851CCB /* CategorySwiperUITests */ = {
			isa = PBXGroup;
			children = (
				27F3ECB12CDAC26500851CCB /* CategorySwiperUITests.swift */,
				27F3ECB32CDAC26500851CCB /* CategorySwiperUITestsLaunchTests.swift */,
			);
			path = CategorySwiperUITests;
			sourceTree = "<group>";
		};
/* End PBXGroup section */

/* Begin PBXNativeTarget section */
		27F3EC922CDAC26400851CCB /* CategorySwiper */ = {
			isa = PBXNativeTarget;
			buildConfigurationList = 27F3ECB72CDAC26500851CCB /* Build configuration list for PBXNativeTarget "CategorySwiper" */;
			buildPhases = (
				27F3EC8F2CDAC26400851CCB /* Sources */,
				27F3EC902CDAC26400851CCB /* Frameworks */,
				27F3EC912CDAC26400851CCB /* Resources */,
			);
			buildRules = (
			);
			dependencies = (
			);
			name = CategorySwiper;
			productName = CategorySwiper;
			productReference = 27F3EC932CDAC26400851CCB /* CategorySwiper.app */;
			productType = "com.apple.product-type.application";
		};
		27F3ECA22CDAC26500851CCB /* CategorySwiperTests */ = {
			isa = PBXNativeTarget;
			buildConfigurationList = 27F3ECBA2CDAC26500851CCB /* Build configuration list for PBXNativeTarget "CategorySwiperTests" */;
			buildPhases = (
				27F3EC9F2CDAC26500851CCB /* Sources */,
				27F3ECA02CDAC26500851CCB /* Frameworks */,
				27F3ECA12CDAC26500851CCB /* Resources */,
			);
			buildRules = (
			);
			dependencies = (
				27F3ECA52CDAC26500851CCB /* PBXTargetDependency */,
			);
			name = CategorySwiperTests;
			productName = CategorySwiperTests;
			productReference = 27F3ECA32CDAC26500851CCB /* CategorySwiperTests.xctest */;
			productType = "com.apple.product-type.bundle.unit-test";
		};
		27F3ECAC2CDAC26500851CCB /* CategorySwiperUITests */ = {
			isa = PBXNativeTarget;
			buildConfigurationList = 27F3ECBD2CDAC26500851CCB /* Build configuration list for PBXNativeTarget "CategorySwiperUITests" */;
			buildPhases = (
				27F3ECA92CDAC26500851CCB /* Sources */,
				27F3ECAA2CDAC26500851CCB /* Frameworks */,
				27F3ECAB2CDAC26500851CCB /* Resources */,
			);
			buildRules = (
			);
			dependencies = (
				27F3ECAF2CDAC26500851CCB /* PBXTargetDependency */,
			);
			name = CategorySwiperUITests;
			productName = CategorySwiperUITests;
			productReference = 27F3ECAD2CDAC26500851CCB /* CategorySwiperUITests.xctest */;
			productType = "com.apple.product-type.bundle.ui-testing";
		};
/* End PBXNativeTarget section */

/* Begin PBXProject section */
		27F3EC8B2CDAC26400851CCB /* Project object */ = {
			isa = PBXProject;
			attributes = {
				BuildIndependentTargetsInParallel = 1;
				LastSwiftUpdateCheck = 1540;
				LastUpgradeCheck = 1540;
				TargetAttributes = {
					27F3EC922CDAC26400851CCB = {
						CreatedOnToolsVersion = 15.4;
					};
					27F3ECA22CDAC26500851CCB = {
						CreatedOnToolsVersion = 15.4;
						TestTargetID = 27F3EC922CDAC26400851CCB;
					};
					27F3ECAC2CDAC26500851CCB = {
						CreatedOnToolsVersion = 15.4;
						TestTargetID = 27F3EC922CDAC26400851CCB;
					};
				};
			};
			buildConfigurationList = 27F3EC8E2CDAC26400851CCB /* Build configuration list for PBXProject "CategorySwiper" */;
			compatibilityVersion = "Xcode 14.0";
			developmentRegion = en;
			hasScannedForEncodings = 0;
			knownRegions = (
				en,
				Base,
			);
			mainGroup = 27F3EC8A2CDAC26400851CCB;
			packageReferences = (
				2715AA102D25CB3F00273F2D /* XCRemoteSwiftPackageReference "time" */,
				27A709EE2D404FC80029A3EB /* XCRemoteSwiftPackageReference "SimpleKeychain" */,
			);
			productRefGroup = 27F3EC942CDAC26400851CCB /* Products */;
			projectDirPath = "";
			projectRoot = "";
			targets = (
				27F3EC922CDAC26400851CCB /* CategorySwiper */,
				27F3ECA22CDAC26500851CCB /* CategorySwiperTests */,
				27F3ECAC2CDAC26500851CCB /* CategorySwiperUITests */,
			);
		};
/* End PBXProject section */

/* Begin PBXResourcesBuildPhase section */
		27F3EC912CDAC26400851CCB /* Resources */ = {
			isa = PBXResourcesBuildPhase;
			buildActionMask = 2147483647;
			files = (
				27656D512D0243F100877E8B /* example-transactions.json in Resources */,
				27F3EC9E2CDAC26500851CCB /* Preview Assets.xcassets in Resources */,
				27F88AAC2D11FD89000D8DFF /* example-categories.json in Resources */,
				27F3EC9B2CDAC26500851CCB /* Assets.xcassets in Resources */,
			);
			runOnlyForDeploymentPostprocessing = 0;
		};
		27F3ECA12CDAC26500851CCB /* Resources */ = {
			isa = PBXResourcesBuildPhase;
			buildActionMask = 2147483647;
			files = (
				27E574D82D44413E0039A64A /* CategorySwiperTestPlan.xctestplan in Resources */,
				27656D522D0243F100877E8B /* example-transactions.json in Resources */,
			);
			runOnlyForDeploymentPostprocessing = 0;
		};
		27F3ECAB2CDAC26500851CCB /* Resources */ = {
			isa = PBXResourcesBuildPhase;
			buildActionMask = 2147483647;
			files = (
			);
			runOnlyForDeploymentPostprocessing = 0;
		};
/* End PBXResourcesBuildPhase section */

/* Begin PBXSourcesBuildPhase section */
		27F3EC8F2CDAC26400851CCB /* Sources */ = {
			isa = PBXSourcesBuildPhase;
			buildActionMask = 2147483647;
			files = (
				27A709F22D418CC30029A3EB /* DebounceSecureField.swift in Sources */,
				272F16052D0277630040A272 /* SwipeableCardsModel.swift in Sources */,
				27F567DF2D2C694300990723 /* UpdateProgressView.swift in Sources */,
				27C9610C2D3F042400B41F27 /* OSLog+Logger.swift in Sources */,
				27B5F4F32D1B182C00ACC463 /* CategoriesSelectorViewModel.swift in Sources */,
				272F16032D0276240040A272 /* SwipedAllCardsView.swift in Sources */,
				27E554632D03B9A400186D6F /* NoTransactionsView.swift in Sources */,
				27C3AA602D24A55E00DDFB08 /* StatesView.swift in Sources */,
				27D6381A2CFBD22C00B43DE1 /* CardView.swift in Sources */,
				27C924F22D173E170081849D /* CategoriesSelectorView.swift in Sources */,
				27C961102D3F2EF000B41F27 /* SettingsView.swift in Sources */,
				272F16072D0279060040A272 /* ReceiptView.swift in Sources */,
				2715AA0F2D25C90F00273F2D /* MonthRangeBuilder.swift in Sources */,
				27D638182CFBBE0A00B43DE1 /* Collection+notEmpty.swift in Sources */,
				271319942D1683B0000D75A3 /* Category.swift in Sources */,
				27C9610E2D3F2E9800B41F27 /* DebugView.swift in Sources */,
				27A13ABE2CFA6AD200430ABF /* URLSessionBuilder.swift in Sources */,
				2710B2D82D1DCF4E00E7676B /* InterfaceManager.swift in Sources */,
				27D259CA2CFABADE004A4CAD /* Transaction.swift in Sources */,
				27B5CE402D079EE1002B961B /* Data+jsonFlatString.swift in Sources */,
				27F3EC972CDAC26400851CCB /* CategorySwiperApp.swift in Sources */,
				27D638162CFBBD7C00B43DE1 /* LunchMoneyInterface.swift in Sources */,
				27158EB62CFC1AF90093421F /* CardViewModel.swift in Sources */,
				27A709ED2D404FB00029A3EB /* SecretsStash.swift in Sources */,
				276498082D01128E005A7916 /* SwipeableCardsView.swift in Sources */,
				276BF6A62D15F9720063935D /* LMNetworkInterface.swift in Sources */,
			);
			runOnlyForDeploymentPostprocessing = 0;
		};
		27F3EC9F2CDAC26500851CCB /* Sources */ = {
			isa = PBXSourcesBuildPhase;
			buildActionMask = 2147483647;
			files = (
				27E554652D03EDF500186D6F /* NetworkTests.swift in Sources */,
				27F3ECA82CDAC26500851CCB /* LocalTests.swift in Sources */,
				27E574FC2D445B030039A64A /* NetworkTestsSecret.swift in Sources */,
				2715AA142D25CBDC00273F2D /* MonthRangeBuilderTests.swift in Sources */,
			);
			runOnlyForDeploymentPostprocessing = 0;
		};
		27F3ECA92CDAC26500851CCB /* Sources */ = {
			isa = PBXSourcesBuildPhase;
			buildActionMask = 2147483647;
			files = (
				27F3ECB42CDAC26500851CCB /* CategorySwiperUITestsLaunchTests.swift in Sources */,
				27F3ECB22CDAC26500851CCB /* CategorySwiperUITests.swift in Sources */,
			);
			runOnlyForDeploymentPostprocessing = 0;
		};
/* End PBXSourcesBuildPhase section */

/* Begin PBXTargetDependency section */
		27F3ECA52CDAC26500851CCB /* PBXTargetDependency */ = {
			isa = PBXTargetDependency;
			target = 27F3EC922CDAC26400851CCB /* CategorySwiper */;
			targetProxy = 27F3ECA42CDAC26500851CCB /* PBXContainerItemProxy */;
		};
		27F3ECAF2CDAC26500851CCB /* PBXTargetDependency */ = {
			isa = PBXTargetDependency;
			target = 27F3EC922CDAC26400851CCB /* CategorySwiper */;
			targetProxy = 27F3ECAE2CDAC26500851CCB /* PBXContainerItemProxy */;
		};
/* End PBXTargetDependency section */

/* Begin XCBuildConfiguration section */
		27F3ECB52CDAC26500851CCB /* Debug */ = {
			isa = XCBuildConfiguration;
			buildSettings = {
				ALWAYS_SEARCH_USER_PATHS = NO;
				ASSETCATALOG_COMPILER_GENERATE_SWIFT_ASSET_SYMBOL_EXTENSIONS = YES;
				CLANG_ANALYZER_NONNULL = YES;
				CLANG_ANALYZER_NUMBER_OBJECT_CONVERSION = YES_AGGRESSIVE;
				CLANG_CXX_LANGUAGE_STANDARD = "gnu++20";
				CLANG_ENABLE_MODULES = YES;
				CLANG_ENABLE_OBJC_ARC = YES;
				CLANG_ENABLE_OBJC_WEAK = YES;
				CLANG_WARN_BLOCK_CAPTURE_AUTORELEASING = YES;
				CLANG_WARN_BOOL_CONVERSION = YES;
				CLANG_WARN_COMMA = YES;
				CLANG_WARN_CONSTANT_CONVERSION = YES;
				CLANG_WARN_DEPRECATED_OBJC_IMPLEMENTATIONS = YES;
				CLANG_WARN_DIRECT_OBJC_ISA_USAGE = YES_ERROR;
				CLANG_WARN_DOCUMENTATION_COMMENTS = YES;
				CLANG_WARN_EMPTY_BODY = YES;
				CLANG_WARN_ENUM_CONVERSION = YES;
				CLANG_WARN_INFINITE_RECURSION = YES;
				CLANG_WARN_INT_CONVERSION = YES;
				CLANG_WARN_NON_LITERAL_NULL_CONVERSION = YES;
				CLANG_WARN_OBJC_IMPLICIT_RETAIN_SELF = YES;
				CLANG_WARN_OBJC_LITERAL_CONVERSION = YES;
				CLANG_WARN_OBJC_ROOT_CLASS = YES_ERROR;
				CLANG_WARN_QUOTED_INCLUDE_IN_FRAMEWORK_HEADER = YES;
				CLANG_WARN_RANGE_LOOP_ANALYSIS = YES;
				CLANG_WARN_STRICT_PROTOTYPES = YES;
				CLANG_WARN_SUSPICIOUS_MOVE = YES;
				CLANG_WARN_UNGUARDED_AVAILABILITY = YES_AGGRESSIVE;
				CLANG_WARN_UNREACHABLE_CODE = YES;
				CLANG_WARN__DUPLICATE_METHOD_MATCH = YES;
				COPY_PHASE_STRIP = NO;
				DEBUG_INFORMATION_FORMAT = dwarf;
				ENABLE_STRICT_OBJC_MSGSEND = YES;
				ENABLE_TESTABILITY = YES;
				ENABLE_USER_SCRIPT_SANDBOXING = YES;
				GCC_C_LANGUAGE_STANDARD = gnu17;
				GCC_DYNAMIC_NO_PIC = NO;
				GCC_NO_COMMON_BLOCKS = YES;
				GCC_OPTIMIZATION_LEVEL = 0;
				GCC_PREPROCESSOR_DEFINITIONS = (
					"DEBUG=1",
					"$(inherited)",
				);
				GCC_WARN_64_TO_32_BIT_CONVERSION = YES;
				GCC_WARN_ABOUT_RETURN_TYPE = YES_ERROR;
				GCC_WARN_UNDECLARED_SELECTOR = YES;
				GCC_WARN_UNINITIALIZED_AUTOS = YES_AGGRESSIVE;
				GCC_WARN_UNUSED_FUNCTION = YES;
				GCC_WARN_UNUSED_VARIABLE = YES;
				IPHONEOS_DEPLOYMENT_TARGET = 17.5;
				LOCALIZATION_PREFERS_STRING_CATALOGS = YES;
				MTL_ENABLE_DEBUG_INFO = INCLUDE_SOURCE;
				MTL_FAST_MATH = YES;
				ONLY_ACTIVE_ARCH = YES;
				SDKROOT = iphoneos;
				SWIFT_ACTIVE_COMPILATION_CONDITIONS = "DEBUG $(inherited)";
				SWIFT_OPTIMIZATION_LEVEL = "-Onone";
			};
			name = Debug;
		};
		27F3ECB62CDAC26500851CCB /* Release */ = {
			isa = XCBuildConfiguration;
			buildSettings = {
				ALWAYS_SEARCH_USER_PATHS = NO;
				ASSETCATALOG_COMPILER_GENERATE_SWIFT_ASSET_SYMBOL_EXTENSIONS = YES;
				CLANG_ANALYZER_NONNULL = YES;
				CLANG_ANALYZER_NUMBER_OBJECT_CONVERSION = YES_AGGRESSIVE;
				CLANG_CXX_LANGUAGE_STANDARD = "gnu++20";
				CLANG_ENABLE_MODULES = YES;
				CLANG_ENABLE_OBJC_ARC = YES;
				CLANG_ENABLE_OBJC_WEAK = YES;
				CLANG_WARN_BLOCK_CAPTURE_AUTORELEASING = YES;
				CLANG_WARN_BOOL_CONVERSION = YES;
				CLANG_WARN_COMMA = YES;
				CLANG_WARN_CONSTANT_CONVERSION = YES;
				CLANG_WARN_DEPRECATED_OBJC_IMPLEMENTATIONS = YES;
				CLANG_WARN_DIRECT_OBJC_ISA_USAGE = YES_ERROR;
				CLANG_WARN_DOCUMENTATION_COMMENTS = YES;
				CLANG_WARN_EMPTY_BODY = YES;
				CLANG_WARN_ENUM_CONVERSION = YES;
				CLANG_WARN_INFINITE_RECURSION = YES;
				CLANG_WARN_INT_CONVERSION = YES;
				CLANG_WARN_NON_LITERAL_NULL_CONVERSION = YES;
				CLANG_WARN_OBJC_IMPLICIT_RETAIN_SELF = YES;
				CLANG_WARN_OBJC_LITERAL_CONVERSION = YES;
				CLANG_WARN_OBJC_ROOT_CLASS = YES_ERROR;
				CLANG_WARN_QUOTED_INCLUDE_IN_FRAMEWORK_HEADER = YES;
				CLANG_WARN_RANGE_LOOP_ANALYSIS = YES;
				CLANG_WARN_STRICT_PROTOTYPES = YES;
				CLANG_WARN_SUSPICIOUS_MOVE = YES;
				CLANG_WARN_UNGUARDED_AVAILABILITY = YES_AGGRESSIVE;
				CLANG_WARN_UNREACHABLE_CODE = YES;
				CLANG_WARN__DUPLICATE_METHOD_MATCH = YES;
				COPY_PHASE_STRIP = NO;
				DEBUG_INFORMATION_FORMAT = "dwarf-with-dsym";
				ENABLE_NS_ASSERTIONS = NO;
				ENABLE_STRICT_OBJC_MSGSEND = YES;
				ENABLE_USER_SCRIPT_SANDBOXING = YES;
				GCC_C_LANGUAGE_STANDARD = gnu17;
				GCC_NO_COMMON_BLOCKS = YES;
				GCC_WARN_64_TO_32_BIT_CONVERSION = YES;
				GCC_WARN_ABOUT_RETURN_TYPE = YES_ERROR;
				GCC_WARN_UNDECLARED_SELECTOR = YES;
				GCC_WARN_UNINITIALIZED_AUTOS = YES_AGGRESSIVE;
				GCC_WARN_UNUSED_FUNCTION = YES;
				GCC_WARN_UNUSED_VARIABLE = YES;
				IPHONEOS_DEPLOYMENT_TARGET = 17.5;
				LOCALIZATION_PREFERS_STRING_CATALOGS = YES;
				MTL_ENABLE_DEBUG_INFO = NO;
				MTL_FAST_MATH = YES;
				SDKROOT = iphoneos;
				SWIFT_COMPILATION_MODE = wholemodule;
				VALIDATE_PRODUCT = YES;
			};
			name = Release;
		};
		27F3ECB82CDAC26500851CCB /* Debug */ = {
			isa = XCBuildConfiguration;
			buildSettings = {
				ASSETCATALOG_COMPILER_APPICON_NAME = AppIcon;
				ASSETCATALOG_COMPILER_GLOBAL_ACCENT_COLOR_NAME = AccentColor;
				CODE_SIGN_STYLE = Automatic;
				CURRENT_PROJECT_VERSION = 1;
				DEVELOPMENT_ASSET_PATHS = "\"CategorySwiper/Preview Content\"";
				DEVELOPMENT_TEAM = 6QY69PUF72;
				ENABLE_PREVIEWS = YES;
				GENERATE_INFOPLIST_FILE = YES;
				INFOPLIST_KEY_CFBundleDisplayName = "Bento-chan";
				INFOPLIST_KEY_UIApplicationSceneManifest_Generation = YES;
				INFOPLIST_KEY_UIApplicationSupportsIndirectInputEvents = YES;
				INFOPLIST_KEY_UILaunchScreen_Generation = YES;
				INFOPLIST_KEY_UISupportedInterfaceOrientations_iPad = "UIInterfaceOrientationPortrait UIInterfaceOrientationPortraitUpsideDown UIInterfaceOrientationLandscapeLeft UIInterfaceOrientationLandscapeRight";
				INFOPLIST_KEY_UISupportedInterfaceOrientations_iPhone = "UIInterfaceOrientationPortrait UIInterfaceOrientationLandscapeLeft UIInterfaceOrientationLandscapeRight";
				LD_RUNPATH_SEARCH_PATHS = (
					"$(inherited)",
					"@executable_path/Frameworks",
				);
				MARKETING_VERSION = 1.0;
				PRODUCT_BUNDLE_IDENTIFIER = com.joybending.CategorySwiper;
				PRODUCT_NAME = "$(TARGET_NAME)";
				SWIFT_EMIT_LOC_STRINGS = YES;
				SWIFT_VERSION = 5.0;
				TARGETED_DEVICE_FAMILY = "1,2";
			};
			name = Debug;
		};
		27F3ECB92CDAC26500851CCB /* Release */ = {
			isa = XCBuildConfiguration;
			buildSettings = {
				ASSETCATALOG_COMPILER_APPICON_NAME = AppIcon;
				ASSETCATALOG_COMPILER_GLOBAL_ACCENT_COLOR_NAME = AccentColor;
				CODE_SIGN_STYLE = Automatic;
				CURRENT_PROJECT_VERSION = 1;
				DEVELOPMENT_ASSET_PATHS = "\"CategorySwiper/Preview Content\"";
				DEVELOPMENT_TEAM = 6QY69PUF72;
				ENABLE_PREVIEWS = YES;
				GENERATE_INFOPLIST_FILE = YES;
				INFOPLIST_KEY_CFBundleDisplayName = "Bento-chan";
				INFOPLIST_KEY_UIApplicationSceneManifest_Generation = YES;
				INFOPLIST_KEY_UIApplicationSupportsIndirectInputEvents = YES;
				INFOPLIST_KEY_UILaunchScreen_Generation = YES;
				INFOPLIST_KEY_UISupportedInterfaceOrientations_iPad = "UIInterfaceOrientationPortrait UIInterfaceOrientationPortraitUpsideDown UIInterfaceOrientationLandscapeLeft UIInterfaceOrientationLandscapeRight";
				INFOPLIST_KEY_UISupportedInterfaceOrientations_iPhone = "UIInterfaceOrientationPortrait UIInterfaceOrientationLandscapeLeft UIInterfaceOrientationLandscapeRight";
				LD_RUNPATH_SEARCH_PATHS = (
					"$(inherited)",
					"@executable_path/Frameworks",
				);
				MARKETING_VERSION = 1.0;
				PRODUCT_BUNDLE_IDENTIFIER = com.joybending.CategorySwiper;
				PRODUCT_NAME = "$(TARGET_NAME)";
				SWIFT_EMIT_LOC_STRINGS = YES;
				SWIFT_VERSION = 5.0;
				TARGETED_DEVICE_FAMILY = "1,2";
			};
			name = Release;
		};
		27F3ECBB2CDAC26500851CCB /* Debug */ = {
			isa = XCBuildConfiguration;
			buildSettings = {
				ALWAYS_EMBED_SWIFT_STANDARD_LIBRARIES = YES;
				BUNDLE_LOADER = "$(TEST_HOST)";
				CODE_SIGN_STYLE = Automatic;
				CURRENT_PROJECT_VERSION = 1;
				DEVELOPMENT_TEAM = 6QY69PUF72;
				GENERATE_INFOPLIST_FILE = YES;
				IPHONEOS_DEPLOYMENT_TARGET = 17.5;
				MARKETING_VERSION = 1.0;
				PRODUCT_BUNDLE_IDENTIFIER = com.joybending.CategorySwiperTests;
				PRODUCT_NAME = "$(TARGET_NAME)";
				SWIFT_EMIT_LOC_STRINGS = NO;
				SWIFT_VERSION = 5.0;
				TARGETED_DEVICE_FAMILY = "1,2";
				TEST_HOST = "$(BUILT_PRODUCTS_DIR)/CategorySwiper.app/$(BUNDLE_EXECUTABLE_FOLDER_PATH)/CategorySwiper";
			};
			name = Debug;
		};
		27F3ECBC2CDAC26500851CCB /* Release */ = {
			isa = XCBuildConfiguration;
			buildSettings = {
				ALWAYS_EMBED_SWIFT_STANDARD_LIBRARIES = YES;
				BUNDLE_LOADER = "$(TEST_HOST)";
				CODE_SIGN_STYLE = Automatic;
				CURRENT_PROJECT_VERSION = 1;
				DEVELOPMENT_TEAM = 6QY69PUF72;
				GENERATE_INFOPLIST_FILE = YES;
				IPHONEOS_DEPLOYMENT_TARGET = 17.5;
				MARKETING_VERSION = 1.0;
				PRODUCT_BUNDLE_IDENTIFIER = com.joybending.CategorySwiperTests;
				PRODUCT_NAME = "$(TARGET_NAME)";
				SWIFT_EMIT_LOC_STRINGS = NO;
				SWIFT_VERSION = 5.0;
				TARGETED_DEVICE_FAMILY = "1,2";
				TEST_HOST = "$(BUILT_PRODUCTS_DIR)/CategorySwiper.app/$(BUNDLE_EXECUTABLE_FOLDER_PATH)/CategorySwiper";
			};
			name = Release;
		};
		27F3ECBE2CDAC26500851CCB /* Debug */ = {
			isa = XCBuildConfiguration;
			buildSettings = {
				ALWAYS_EMBED_SWIFT_STANDARD_LIBRARIES = YES;
				CODE_SIGN_STYLE = Automatic;
				CURRENT_PROJECT_VERSION = 1;
				DEVELOPMENT_TEAM = 6QY69PUF72;
				GENERATE_INFOPLIST_FILE = YES;
				MARKETING_VERSION = 1.0;
				PRODUCT_BUNDLE_IDENTIFIER = com.joybending.CategorySwiperUITests;
				PRODUCT_NAME = "$(TARGET_NAME)";
				SWIFT_EMIT_LOC_STRINGS = NO;
				SWIFT_VERSION = 5.0;
				TARGETED_DEVICE_FAMILY = "1,2";
				TEST_TARGET_NAME = CategorySwiper;
			};
			name = Debug;
		};
		27F3ECBF2CDAC26500851CCB /* Release */ = {
			isa = XCBuildConfiguration;
			buildSettings = {
				ALWAYS_EMBED_SWIFT_STANDARD_LIBRARIES = YES;
				CODE_SIGN_STYLE = Automatic;
				CURRENT_PROJECT_VERSION = 1;
				DEVELOPMENT_TEAM = 6QY69PUF72;
				GENERATE_INFOPLIST_FILE = YES;
				MARKETING_VERSION = 1.0;
				PRODUCT_BUNDLE_IDENTIFIER = com.joybending.CategorySwiperUITests;
				PRODUCT_NAME = "$(TARGET_NAME)";
				SWIFT_EMIT_LOC_STRINGS = NO;
				SWIFT_VERSION = 5.0;
				TARGETED_DEVICE_FAMILY = "1,2";
				TEST_TARGET_NAME = CategorySwiper;
			};
			name = Release;
		};
/* End XCBuildConfiguration section */

/* Begin XCConfigurationList section */
		27F3EC8E2CDAC26400851CCB /* Build configuration list for PBXProject "CategorySwiper" */ = {
			isa = XCConfigurationList;
			buildConfigurations = (
				27F3ECB52CDAC26500851CCB /* Debug */,
				27F3ECB62CDAC26500851CCB /* Release */,
			);
			defaultConfigurationIsVisible = 0;
			defaultConfigurationName = Release;
		};
		27F3ECB72CDAC26500851CCB /* Build configuration list for PBXNativeTarget "CategorySwiper" */ = {
			isa = XCConfigurationList;
			buildConfigurations = (
				27F3ECB82CDAC26500851CCB /* Debug */,
				27F3ECB92CDAC26500851CCB /* Release */,
			);
			defaultConfigurationIsVisible = 0;
			defaultConfigurationName = Release;
		};
		27F3ECBA2CDAC26500851CCB /* Build configuration list for PBXNativeTarget "CategorySwiperTests" */ = {
			isa = XCConfigurationList;
			buildConfigurations = (
				27F3ECBB2CDAC26500851CCB /* Debug */,
				27F3ECBC2CDAC26500851CCB /* Release */,
			);
			defaultConfigurationIsVisible = 0;
			defaultConfigurationName = Release;
		};
		27F3ECBD2CDAC26500851CCB /* Build configuration list for PBXNativeTarget "CategorySwiperUITests" */ = {
			isa = XCConfigurationList;
			buildConfigurations = (
				27F3ECBE2CDAC26500851CCB /* Debug */,
				27F3ECBF2CDAC26500851CCB /* Release */,
			);
			defaultConfigurationIsVisible = 0;
			defaultConfigurationName = Release;
		};
/* End XCConfigurationList section */

/* Begin XCRemoteSwiftPackageReference section */
		2715AA102D25CB3F00273F2D /* XCRemoteSwiftPackageReference "time" */ = {
			isa = XCRemoteSwiftPackageReference;
			repositoryURL = "https://github.com/davedelong/time";
			requirement = {
				kind = exactVersion;
				version = 1.0.2;
			};
		};
		27A709EE2D404FC80029A3EB /* XCRemoteSwiftPackageReference "SimpleKeychain" */ = {
			isa = XCRemoteSwiftPackageReference;
			repositoryURL = "https://github.com/auth0/SimpleKeychain";
			requirement = {
				kind = exactVersion;
				version = 1.2.0;
			};
		};
/* End XCRemoteSwiftPackageReference section */

/* Begin XCSwiftPackageProductDependency section */
		2715AA112D25CB3F00273F2D /* Time */ = {
			isa = XCSwiftPackageProductDependency;
			package = 2715AA102D25CB3F00273F2D /* XCRemoteSwiftPackageReference "time" */;
			productName = Time;
		};
		27A709EF2D404FC80029A3EB /* SimpleKeychain */ = {
			isa = XCSwiftPackageProductDependency;
			package = 27A709EE2D404FC80029A3EB /* XCRemoteSwiftPackageReference "SimpleKeychain" */;
			productName = SimpleKeychain;
		};
/* End XCSwiftPackageProductDependency section */
	};
	rootObject = 27F3EC8B2CDAC26400851CCB /* Project object */;
}
